PODS:
  - ModuleB (2.1.2):
    - YRouter
  - YRouter (2.1.5)

DEPENDENCIES:
  - ModuleB (from `../`)

SPEC REPOS:
  https://github.com/dcwy1130/PrivatePods.git:
    - YRouter

EXTERNAL SOURCES:
  ModuleB:
    :path: "../"

SPEC CHECKSUMS:
  ModuleB: d0f89b217c3803483d2ccf428b7bf7eb47869c2c
  YRouter: c5effacde7fa37fc757a266f805a9b1694601964

PODFILE CHECKSUM: b05282ef98280fd47dc3852c5537c88b91d9d349

COCOAPODS: 1.5.0
