PODS:
  - ModuleB (2.1.0):
    - YRouter
  - YRouter (2.1.1)

DEPENDENCIES:
  - ModuleB (from `../`)

SPEC REPOS:
  https://github.com/dcwy1130/PrivatePods.git:
    - YRouter

EXTERNAL SOURCES:
  ModuleB:
    :path: "../"

SPEC CHECKSUMS:
  ModuleB: a5b73b5c675f1f9a29c578a44bb413afbe1e4a6b
  YRouter: 862d685fb9b35d8b6c4f27b8fc39fead4374f997

PODFILE CHECKSUM: b05282ef98280fd47dc3852c5537c88b91d9d349

COCOAPODS: 1.5.0
